
Microsoft Visual Studio Solution File, Format Version 12.00
# Visual Studio Version 17
VisualStudioVersion = 17.7.34221.43
MinimumVisualStudioVersion = 10.0.40219.1
Project("{FAE04EC0-301F-11D3-BF4B-00C04F79EFBC}") = "GUI", "GUI\GUI.csproj", "{92F8D472-7B85-4791-9EB5-B1E59B2BF39A}"
EndProject
Project("{FAE04EC0-301F-11D3-BF4B-00C04F79EFBC}") = "BLL", "BLL\BLL.csproj", "{8C167E90-8CFD-45E4-86F2-677A81A107DC}"
EndProject
Global
	GlobalSection(SolutionConfigurationPlatforms) = preSolution
		Debug|Any CPU = Debug|Any CPU
		Release|Any CPU = Release|Any CPU
	EndGlobalSection
	GlobalSection(ProjectConfigurationPlatforms) = postSolution
		{92F8D472-7B85-4791-9EB5-B1E59B2BF39A}.Debug|Any CPU.ActiveCfg = Debug|Any CPU
		{92F8D472-7B85-4791-9EB5-B1E59B2BF39A}.Debug|Any CPU.Build.0 = Debug|Any CPU
		{92F8D472-7B85-4791-9EB5-B1E59B2BF39A}.Release|Any CPU.ActiveCfg = Release|Any CPU
		{92F8D472-7B85-4791-9EB5-B1E59B2BF39A}.Release|Any CPU.Build.0 = Release|Any CPU
		{8C167E90-8CFD-45E4-86F2-677A81A107DC}.Debug|Any CPU.ActiveCfg = Debug|Any CPU
		{8C167E90-8CFD-45E4-86F2-677A81A107DC}.Debug|Any CPU.Build.0 = Debug|Any CPU
		{8C167E90-8CFD-45E4-86F2-677A81A107DC}.Release|Any CPU.ActiveCfg = Release|Any CPU
		{8C167E90-8CFD-45E4-86F2-677A81A107DC}.Release|Any CPU.Build.0 = Release|Any CPU
	EndGlobalSection
	GlobalSection(SolutionProperties) = preSolution
		HideSolutionNode = FALSE
	EndGlobalSection
	GlobalSection(ExtensibilityGlobals) = postSolution
		SolutionGuid = {6EDA92A3-B8C8-44AC-84D0-3CBED19C0CD6}
	EndGlobalSection
EndGlobal
